{
  "requires": true,
  "lockfileVersion": 1,
  "dependencies": {
    "@types/ffmpeg-static": {
      "version": "3.0.1",
      "resolved": "https://registry.npmjs.org/@types/ffmpeg-static/-/ffmpeg-static-3.0.1.tgz",
      "integrity": "sha512-hEJdQMv/g1olk9qTiWqh23BfbKsDKE6Tc7DilNJWF1MgZsU9fYOPKrgQ448vfT7aP2Yt5re9vgJDVv9TXEoTyQ==",
      "dev": true
    },
    "@types/gopd": {
      "version": "1.0.0",
      "resolved": "https://registry.npmjs.org/@types/gopd/-/gopd-1.0.0.tgz",
      "integrity": "sha512-KlZg/c0H2d1vMuL16CWLooeVKuUgm0u+ZIGq9q1BZvipME6tR4gLwdld2YJ2DJ8xTry5NhDtBasadNNpolYIIg==",
      "dev": true
    },
    "@types/has-property-descriptors": {
      "version": "1.0.0",
      "resolved": "https://registry.npmjs.org/@types/has-property-descriptors/-/has-property-descriptors-1.0.0.tgz",
      "integrity": "sha512-nNxa0zaFHKw9NbSjfPuAiNBicYewKU7Eiu6+c8jyPMADVBtCWN6lIw9KYL+5XxBKT5jthDnRj0pmAqa7eSscAQ==",
      "dev": true
    },
    "@types/node": {
      "version": "20.6.0",
      "resolved": "https://registry.npmjs.org/@types/node/-/node-20.6.0.tgz",
      "integrity": "sha512-najjVq5KN2vsH2U/xyh2opaSEz6cZMR2SetLIlxlj08nOcmPOemJmUK2o4kUzfLqfrWE0PIrNeE16XhYDd3nqg==",
      "dev": true
    },
    "@types/uuid": {
      "version": "9.0.3",
      "resolved": "https://registry.npmjs.org/@types/uuid/-/uuid-9.0.3.tgz",
      "integrity": "sha512-taHQQH/3ZyI3zP8M/puluDEIEvtQHVYcC6y3N8ijFtAd28+Ey/G4sg1u2gB01S8MwybLOKAp9/yCMu/uR5l3Ug==",
      "dev": true
    },
    "types-registry": {
      "version": "0.1.680",
      "resolved": "https://registry.npmjs.org/types-registry/-/types-registry-0.1.680.tgz",
      "integrity": "sha512-8tNKp07GwbdHfSYAAPaBIW3nBtalQct55QSSrt4xT5Oh7OAbZGXmRhj9phmD1XXtre5vjp676zJwD0EqyaCUxQ=="
    }
  }
}
